
Microsoft Visual Studio Solution File, Format Version 12.00
# Visual Studio Version 17
VisualStudioVersion = 17.11.35431.28
MinimumVisualStudioVersion = 10.0.40219.1
Project("{FAE04EC0-301F-11D3-BF4B-00C04F79EFBC}") = "WordFinderDarioSalas", "WordFinderDarioSalas\WordFinderDarioSalas.csproj", "{4DEC8EE7-397B-4386-9A04-A57DAF5E1265}"
EndProject
Project("{FAE04EC0-301F-11D3-BF4B-00C04F79EFBC}") = "WordFinderDarioSalasTest", "WordFinderDarioSalasTest\WordFinderDarioSalasTest.csproj", "{B7995F81-F297-4D8C-BA6D-591FBDC25ABB}"
EndProject
Global
	GlobalSection(SolutionConfigurationPlatforms) = preSolution
		Debug|Any CPU = Debug|Any CPU
		Release|Any CPU = Release|Any CPU
	EndGlobalSection
	GlobalSection(ProjectConfigurationPlatforms) = postSolution
		{4DEC8EE7-397B-4386-9A04-A57DAF5E1265}.Debug|Any CPU.ActiveCfg = Debug|Any CPU
		{4DEC8EE7-397B-4386-9A04-A57DAF5E1265}.Debug|Any CPU.Build.0 = Debug|Any CPU
		{4DEC8EE7-397B-4386-9A04-A57DAF5E1265}.Release|Any CPU.ActiveCfg = Release|Any CPU
		{4DEC8EE7-397B-4386-9A04-A57DAF5E1265}.Release|Any CPU.Build.0 = Release|Any CPU
		{B7995F81-F297-4D8C-BA6D-591FBDC25ABB}.Debug|Any CPU.ActiveCfg = Debug|Any CPU
		{B7995F81-F297-4D8C-BA6D-591FBDC25ABB}.Debug|Any CPU.Build.0 = Debug|Any CPU
		{B7995F81-F297-4D8C-BA6D-591FBDC25ABB}.Release|Any CPU.ActiveCfg = Release|Any CPU
		{B7995F81-F297-4D8C-BA6D-591FBDC25ABB}.Release|Any CPU.Build.0 = Release|Any CPU
	EndGlobalSection
	GlobalSection(SolutionProperties) = preSolution
		HideSolutionNode = FALSE
	EndGlobalSection
	GlobalSection(ExtensibilityGlobals) = postSolution
		SolutionGuid = {17F876EB-6301-4991-A46A-730539AD9D77}
	EndGlobalSection
EndGlobal
